// !$*UTF8*$!
{
	archiveVersion = 1;
	classes = {
	};
	objectVersion = 52;
	objects = {

/* Begin PBXBuildFile section */
		230D534625854C890013796A /* AppDelegate.swift in Sources */ = {isa = PBXBuildFile; fileRef = 230D534525854C890013796A /* AppDelegate.swift */; };
		230D534825854C890013796A /* SceneDelegate.swift in Sources */ = {isa = PBXBuildFile; fileRef = 230D534725854C890013796A /* SceneDelegate.swift */; };
		230D534A25854C890013796A /* ContentView.swift in Sources */ = {isa = PBXBuildFile; fileRef = 230D534925854C890013796A /* ContentView.swift */; };
		230D534C25854C8A0013796A /* Assets.xcassets in Resources */ = {isa = PBXBuildFile; fileRef = 230D534B25854C8A0013796A /* Assets.xcassets */; };
		230D534F25854C8A0013796A /* Preview Assets.xcassets in Resources */ = {isa = PBXBuildFile; fileRef = 230D534E25854C8A0013796A /* Preview Assets.xcassets */; };
		230D535225854C8A0013796A /* LaunchScreen.storyboard in Resources */ = {isa = PBXBuildFile; fileRef = 230D535025854C8A0013796A /* LaunchScreen.storyboard */; };
		230D536B258551790013796A /* Keys.plist in Resources */ = {isa = PBXBuildFile; fileRef = 230D536A258551790013796A /* Keys.plist */; };
		230D5372258557730013796A /* SDWebImageSwiftUI in Frameworks */ = {isa = PBXBuildFile; productRef = 230D5371258557730013796A /* SDWebImageSwiftUI */; };
		230D5376258558000013796A /* APIManager.swift in Sources */ = {isa = PBXBuildFile; fileRef = 230D5375258558000013796A /* APIManager.swift */; };
		230D537B25855BCE0013796A /* APIManager+Popular.swift in Sources */ = {isa = PBXBuildFile; fileRef = 230D537A25855BCE0013796A /* APIManager+Popular.swift */; };
		230D5380258561AD0013796A /* PopularMovie.swift in Sources */ = {isa = PBXBuildFile; fileRef = 230D537F258561AD0013796A /* PopularMovie.swift */; };
		230D5384258565CE0013796A /* HomeView.swift in Sources */ = {isa = PBXBuildFile; fileRef = 230D5383258565CE0013796A /* HomeView.swift */; };
		230D5389258565E50013796A /* CategoriesView.swift in Sources */ = {isa = PBXBuildFile; fileRef = 230D5388258565E50013796A /* CategoriesView.swift */; };
		230D538D2585661A0013796A /* ProfileView.swift in Sources */ = {isa = PBXBuildFile; fileRef = 230D538C2585661A0013796A /* ProfileView.swift */; };
		230D5391258566680013796A /* MainTabView.swift in Sources */ = {isa = PBXBuildFile; fileRef = 230D5390258566680013796A /* MainTabView.swift */; };
/* End PBXBuildFile section */

/* Begin PBXFileReference section */
		230D534225854C890013796A /* MovieUI.app */ = {isa = PBXFileReference; explicitFileType = wrapper.application; includeInIndex = 0; path = MovieUI.app; sourceTree = BUILT_PRODUCTS_DIR; };
		230D534525854C890013796A /* AppDelegate.swift */ = {isa = PBXFileReference; lastKnownFileType = sourcecode.swift; path = AppDelegate.swift; sourceTree = "<group>"; };
		230D534725854C890013796A /* SceneDelegate.swift */ = {isa = PBXFileReference; lastKnownFileType = sourcecode.swift; path = SceneDelegate.swift; sourceTree = "<group>"; };
		230D534925854C890013796A /* ContentView.swift */ = {isa = PBXFileReference; lastKnownFileType = sourcecode.swift; path = ContentView.swift; sourceTree = "<group>"; };
		230D534B25854C8A0013796A /* Assets.xcassets */ = {isa = PBXFileReference; lastKnownFileType = folder.assetcatalog; path = Assets.xcassets; sourceTree = "<group>"; };
		230D534E25854C8A0013796A /* Preview Assets.xcassets */ = {isa = PBXFileReference; lastKnownFileType = folder.assetcatalog; path = "Preview Assets.xcassets"; sourceTree = "<group>"; };
		230D535125854C8A0013796A /* Base */ = {isa = PBXFileReference; lastKnownFileType = file.storyboard; name = Base; path = Base.lproj/LaunchScreen.storyboard; sourceTree = "<group>"; };
		230D535325854C8A0013796A /* Info.plist */ = {isa = PBXFileReference; lastKnownFileType = text.plist.xml; path = Info.plist; sourceTree = "<group>"; };
		230D536A258551790013796A /* Keys.plist */ = {isa = PBXFileReference; lastKnownFileType = text.plist.xml; path = Keys.plist; sourceTree = "<group>"; };
		230D5375258558000013796A /* APIManager.swift */ = {isa = PBXFileReference; lastKnownFileType = sourcecode.swift; path = APIManager.swift; sourceTree = "<group>"; };
		230D537A25855BCE0013796A /* APIManager+Popular.swift */ = {isa = PBXFileReference; lastKnownFileType = sourcecode.swift; path = "APIManager+Popular.swift"; sourceTree = "<group>"; };
		230D537F258561AD0013796A /* PopularMovie.swift */ = {isa = PBXFileReference; lastKnownFileType = sourcecode.swift; path = PopularMovie.swift; sourceTree = "<group>"; };
		230D5383258565CE0013796A /* HomeView.swift */ = {isa = PBXFileReference; lastKnownFileType = sourcecode.swift; path = HomeView.swift; sourceTree = "<group>"; };
		230D5388258565E50013796A /* CategoriesView.swift */ = {isa = PBXFileReference; lastKnownFileType = sourcecode.swift; path = CategoriesView.swift; sourceTree = "<group>"; };
		230D538C2585661A0013796A /* ProfileView.swift */ = {isa = PBXFileReference; lastKnownFileType = sourcecode.swift; path = ProfileView.swift; sourceTree = "<group>"; };
		230D5390258566680013796A /* MainTabView.swift */ = {isa = PBXFileReference; lastKnownFileType = sourcecode.swift; path = MainTabView.swift; sourceTree = "<group>"; };
/* End PBXFileReference section */

/* Begin PBXFrameworksBuildPhase section */
		230D533F25854C890013796A /* Frameworks */ = {
			isa = PBXFrameworksBuildPhase;
			buildActionMask = 2147483647;
			files = (
				230D5372258557730013796A /* SDWebImageSwiftUI in Frameworks */,
			);
			runOnlyForDeploymentPostprocessing = 0;
		};
/* End PBXFrameworksBuildPhase section */

/* Begin PBXGroup section */
		230D533925854C890013796A = {
			isa = PBXGroup;
			children = (
				230D534425854C890013796A /* MovieUI */,
				230D534325854C890013796A /* Products */,
			);
			sourceTree = "<group>";
		};
		230D534325854C890013796A /* Products */ = {
			isa = PBXGroup;
			children = (
				230D534225854C890013796A /* MovieUI.app */,
			);
			name = Products;
			sourceTree = "<group>";
		};
		230D534425854C890013796A /* MovieUI */ = {
			isa = PBXGroup;
			children = (
				230D535C25854E980013796A /* Models */,
				230D5374258557E20013796A /* APIManager */,
				230D535B25854E920013796A /* Views */,
				230D535D25854E9C0013796A /* App */,
				230D5369258551720013796A /* Keys */,
				230D535A25854D6D0013796A /* Resources */,
				230D534B25854C8A0013796A /* Assets.xcassets */,
				230D535025854C8A0013796A /* LaunchScreen.storyboard */,
				230D534D25854C8A0013796A /* Preview Content */,
			);
			path = MovieUI;
			sourceTree = "<group>";
		};
		230D534D25854C8A0013796A /* Preview Content */ = {
			isa = PBXGroup;
			children = (
				230D534E25854C8A0013796A /* Preview Assets.xcassets */,
			);
			path = "Preview Content";
			sourceTree = "<group>";
		};
		230D535A25854D6D0013796A /* Resources */ = {
			isa = PBXGroup;
			children = (
				230D534525854C890013796A /* AppDelegate.swift */,
				230D534725854C890013796A /* SceneDelegate.swift */,
				230D535325854C8A0013796A /* Info.plist */,
			);
			path = Resources;
			sourceTree = "<group>";
		};
		230D535B25854E920013796A /* Views */ = {
			isa = PBXGroup;
			children = (
			);
			path = Views;
			sourceTree = "<group>";
		};
		230D535C25854E980013796A /* Models */ = {
			isa = PBXGroup;
			children = (
				230D537F258561AD0013796A /* PopularMovie.swift */,
			);
			path = Models;
			sourceTree = "<group>";
		};
		230D535D25854E9C0013796A /* App */ = {
			isa = PBXGroup;
			children = (
				230D534925854C890013796A /* ContentView.swift */,
				230D5390258566680013796A /* MainTabView.swift */,
				230D5383258565CE0013796A /* HomeView.swift */,
				230D5388258565E50013796A /* CategoriesView.swift */,
				230D538C2585661A0013796A /* ProfileView.swift */,
			);
			path = App;
			sourceTree = "<group>";
		};
		230D5369258551720013796A /* Keys */ = {
			isa = PBXGroup;
			children = (
				230D536A258551790013796A /* Keys.plist */,
			);
			path = Keys;
			sourceTree = "<group>";
		};
		230D5374258557E20013796A /* APIManager */ = {
			isa = PBXGroup;
			children = (
				230D5375258558000013796A /* APIManager.swift */,
				230D537A25855BCE0013796A /* APIManager+Popular.swift */,
			);
			path = APIManager;
			sourceTree = "<group>";
		};
/* End PBXGroup section */

/* Begin PBXNativeTarget section */
		230D534125854C890013796A /* MovieUI */ = {
			isa = PBXNativeTarget;
			buildConfigurationList = 230D535625854C8A0013796A /* Build configuration list for PBXNativeTarget "MovieUI" */;
			buildPhases = (
				230D533E25854C890013796A /* Sources */,
				230D533F25854C890013796A /* Frameworks */,
				230D534025854C890013796A /* Resources */,
			);
			buildRules = (
			);
			dependencies = (
			);
			name = MovieUI;
			packageProductDependencies = (
				230D5371258557730013796A /* SDWebImageSwiftUI */,
			);
			productName = MovieUI;
			productReference = 230D534225854C890013796A /* MovieUI.app */;
			productType = "com.apple.product-type.application";
		};
/* End PBXNativeTarget section */

/* Begin PBXProject section */
		230D533A25854C890013796A /* Project object */ = {
			isa = PBXProject;
			attributes = {
				LastSwiftUpdateCheck = 1210;
				LastUpgradeCheck = 1210;
				TargetAttributes = {
					230D534125854C890013796A = {
						CreatedOnToolsVersion = 12.1;
					};
				};
			};
			buildConfigurationList = 230D533D25854C890013796A /* Build configuration list for PBXProject "MovieUI" */;
			compatibilityVersion = "Xcode 9.3";
			developmentRegion = en;
			hasScannedForEncodings = 0;
			knownRegions = (
				en,
				Base,
			);
			mainGroup = 230D533925854C890013796A;
			packageReferences = (
				230D5370258557730013796A /* XCRemoteSwiftPackageReference "SDWebImageSwiftUI" */,
			);
			productRefGroup = 230D534325854C890013796A /* Products */;
			projectDirPath = "";
			projectRoot = "";
			targets = (
				230D534125854C890013796A /* MovieUI */,
			);
		};
/* End PBXProject section */

/* Begin PBXResourcesBuildPhase section */
		230D534025854C890013796A /* Resources */ = {
			isa = PBXResourcesBuildPhase;
			buildActionMask = 2147483647;
			files = (
				230D536B258551790013796A /* Keys.plist in Resources */,
				230D535225854C8A0013796A /* LaunchScreen.storyboard in Resources */,
				230D534F25854C8A0013796A /* Preview Assets.xcassets in Resources */,
				230D534C25854C8A0013796A /* Assets.xcassets in Resources */,
			);
			runOnlyForDeploymentPostprocessing = 0;
		};
/* End PBXResourcesBuildPhase section */

/* Begin PBXSourcesBuildPhase section */
		230D533E25854C890013796A /* Sources */ = {
			isa = PBXSourcesBuildPhase;
			buildActionMask = 2147483647;
			files = (
				230D5389258565E50013796A /* CategoriesView.swift in Sources */,
				230D538D2585661A0013796A /* ProfileView.swift in Sources */,
				230D5376258558000013796A /* APIManager.swift in Sources */,
				230D5384258565CE0013796A /* HomeView.swift in Sources */,
				230D534625854C890013796A /* AppDelegate.swift in Sources */,
				230D5380258561AD0013796A /* PopularMovie.swift in Sources */,
				230D534825854C890013796A /* SceneDelegate.swift in Sources */,
				230D534A25854C890013796A /* ContentView.swift in Sources */,
				230D537B25855BCE0013796A /* APIManager+Popular.swift in Sources */,
				230D5391258566680013796A /* MainTabView.swift in Sources */,
			);
			runOnlyForDeploymentPostprocessing = 0;
		};
/* End PBXSourcesBuildPhase section */

/* Begin PBXVariantGroup section */
		230D535025854C8A0013796A /* LaunchScreen.storyboard */ = {
			isa = PBXVariantGroup;
			children = (
				230D535125854C8A0013796A /* Base */,
			);
			name = LaunchScreen.storyboard;
			sourceTree = "<group>";
		};
/* End PBXVariantGroup section */

/* Begin XCBuildConfiguration section */
		230D535425854C8A0013796A /* Debug */ = {
			isa = XCBuildConfiguration;
			buildSettings = {
				ALWAYS_SEARCH_USER_PATHS = NO;
				CLANG_ANALYZER_NONNULL = YES;
				CLANG_ANALYZER_NUMBER_OBJECT_CONVERSION = YES_AGGRESSIVE;
				CLANG_CXX_LANGUAGE_STANDARD = "gnu++14";
				CLANG_CXX_LIBRARY = "libc++";
				CLANG_ENABLE_MODULES = YES;
				CLANG_ENABLE_OBJC_ARC = YES;
				CLANG_ENABLE_OBJC_WEAK = YES;
				CLANG_WARN_BLOCK_CAPTURE_AUTORELEASING = YES;
				CLANG_WARN_BOOL_CONVERSION = YES;
				CLANG_WARN_COMMA = YES;
				CLANG_WARN_CONSTANT_CONVERSION = YES;
				CLANG_WARN_DEPRECATED_OBJC_IMPLEMENTATIONS = YES;
				CLANG_WARN_DIRECT_OBJC_ISA_USAGE = YES_ERROR;
				CLANG_WARN_DOCUMENTATION_COMMENTS = YES;
				CLANG_WARN_EMPTY_BODY = YES;
				CLANG_WARN_ENUM_CONVERSION = YES;
				CLANG_WARN_INFINITE_RECURSION = YES;
				CLANG_WARN_INT_CONVERSION = YES;
				CLANG_WARN_NON_LITERAL_NULL_CONVERSION = YES;
				CLANG_WARN_OBJC_IMPLICIT_RETAIN_SELF = YES;
				CLANG_WARN_OBJC_LITERAL_CONVERSION = YES;
				CLANG_WARN_OBJC_ROOT_CLASS = YES_ERROR;
				CLANG_WARN_QUOTED_INCLUDE_IN_FRAMEWORK_HEADER = YES;
				CLANG_WARN_RANGE_LOOP_ANALYSIS = YES;
				CLANG_WARN_STRICT_PROTOTYPES = YES;
				CLANG_WARN_SUSPICIOUS_MOVE = YES;
				CLANG_WARN_UNGUARDED_AVAILABILITY = YES_AGGRESSIVE;
				CLANG_WARN_UNREACHABLE_CODE = YES;
				CLANG_WARN__DUPLICATE_METHOD_MATCH = YES;
				COPY_PHASE_STRIP = NO;
				DEBUG_INFORMATION_FORMAT = dwarf;
				ENABLE_STRICT_OBJC_MSGSEND = YES;
				ENABLE_TESTABILITY = YES;
				GCC_C_LANGUAGE_STANDARD = gnu11;
				GCC_DYNAMIC_NO_PIC = NO;
				GCC_NO_COMMON_BLOCKS = YES;
				GCC_OPTIMIZATION_LEVEL = 0;
				GCC_PREPROCESSOR_DEFINITIONS = (
					"DEBUG=1",
					"$(inherited)",
				);
				GCC_WARN_64_TO_32_BIT_CONVERSION = YES;
				GCC_WARN_ABOUT_RETURN_TYPE = YES_ERROR;
				GCC_WARN_UNDECLARED_SELECTOR = YES;
				GCC_WARN_UNINITIALIZED_AUTOS = YES_AGGRESSIVE;
				GCC_WARN_UNUSED_FUNCTION = YES;
				GCC_WARN_UNUSED_VARIABLE = YES;
				IPHONEOS_DEPLOYMENT_TARGET = 14.1;
				MTL_ENABLE_DEBUG_INFO = INCLUDE_SOURCE;
				MTL_FAST_MATH = YES;
				ONLY_ACTIVE_ARCH = YES;
				SDKROOT = iphoneos;
				SWIFT_ACTIVE_COMPILATION_CONDITIONS = DEBUG;
				SWIFT_OPTIMIZATION_LEVEL = "-Onone";
			};
			name = Debug;
		};
		230D535525854C8A0013796A /* Release */ = {
			isa = XCBuildConfiguration;
			buildSettings = {
				ALWAYS_SEARCH_USER_PATHS = NO;
				CLANG_ANALYZER_NONNULL = YES;
				CLANG_ANALYZER_NUMBER_OBJECT_CONVERSION = YES_AGGRESSIVE;
				CLANG_CXX_LANGUAGE_STANDARD = "gnu++14";
				CLANG_CXX_LIBRARY = "libc++";
				CLANG_ENABLE_MODULES = YES;
				CLANG_ENABLE_OBJC_ARC = YES;
				CLANG_ENABLE_OBJC_WEAK = YES;
				CLANG_WARN_BLOCK_CAPTURE_AUTORELEASING = YES;
				CLANG_WARN_BOOL_CONVERSION = YES;
				CLANG_WARN_COMMA = YES;
				CLANG_WARN_CONSTANT_CONVERSION = YES;
				CLANG_WARN_DEPRECATED_OBJC_IMPLEMENTATIONS = YES;
				CLANG_WARN_DIRECT_OBJC_ISA_USAGE = YES_ERROR;
				CLANG_WARN_DOCUMENTATION_COMMENTS = YES;
				CLANG_WARN_EMPTY_BODY = YES;
				CLANG_WARN_ENUM_CONVERSION = YES;
				CLANG_WARN_INFINITE_RECURSION = YES;
				CLANG_WARN_INT_CONVERSION = YES;
				CLANG_WARN_NON_LITERAL_NULL_CONVERSION = YES;
				CLANG_WARN_OBJC_IMPLICIT_RETAIN_SELF = YES;
				CLANG_WARN_OBJC_LITERAL_CONVERSION = YES;
				CLANG_WARN_OBJC_ROOT_CLASS = YES_ERROR;
				CLANG_WARN_QUOTED_INCLUDE_IN_FRAMEWORK_HEADER = YES;
				CLANG_WARN_RANGE_LOOP_ANALYSIS = YES;
				CLANG_WARN_STRICT_PROTOTYPES = YES;
				CLANG_WARN_SUSPICIOUS_MOVE = YES;
				CLANG_WARN_UNGUARDED_AVAILABILITY = YES_AGGRESSIVE;
				CLANG_WARN_UNREACHABLE_CODE = YES;
				CLANG_WARN__DUPLICATE_METHOD_MATCH = YES;
				COPY_PHASE_STRIP = NO;
				DEBUG_INFORMATION_FORMAT = "dwarf-with-dsym";
				ENABLE_NS_ASSERTIONS = NO;
				ENABLE_STRICT_OBJC_MSGSEND = YES;
				GCC_C_LANGUAGE_STANDARD = gnu11;
				GCC_NO_COMMON_BLOCKS = YES;
				GCC_WARN_64_TO_32_BIT_CONVERSION = YES;
				GCC_WARN_ABOUT_RETURN_TYPE = YES_ERROR;
				GCC_WARN_UNDECLARED_SELECTOR = YES;
				GCC_WARN_UNINITIALIZED_AUTOS = YES_AGGRESSIVE;
				GCC_WARN_UNUSED_FUNCTION = YES;
				GCC_WARN_UNUSED_VARIABLE = YES;
				IPHONEOS_DEPLOYMENT_TARGET = 14.1;
				MTL_ENABLE_DEBUG_INFO = NO;
				MTL_FAST_MATH = YES;
				SDKROOT = iphoneos;
				SWIFT_COMPILATION_MODE = wholemodule;
				SWIFT_OPTIMIZATION_LEVEL = "-O";
				VALIDATE_PRODUCT = YES;
			};
			name = Release;
		};
		230D535725854C8A0013796A /* Debug */ = {
			isa = XCBuildConfiguration;
			buildSettings = {
				ASSETCATALOG_COMPILER_APPICON_NAME = AppIcon;
				ASSETCATALOG_COMPILER_GLOBAL_ACCENT_COLOR_NAME = AccentColor;
				CODE_SIGN_STYLE = Automatic;
				DEVELOPMENT_ASSET_PATHS = "\"MovieUI/Preview Content\"";
				DEVELOPMENT_TEAM = RE524LJXV2;
				ENABLE_PREVIEWS = YES;
				INFOPLIST_FILE = MovieUI/Resources/Info.plist;
				IPHONEOS_DEPLOYMENT_TARGET = 14.0;
				LD_RUNPATH_SEARCH_PATHS = (
					"$(inherited)",
					"@executable_path/Frameworks",
				);
				PRODUCT_BUNDLE_IDENTIFIER = com.strides.MovieUI;
				PRODUCT_NAME = "$(TARGET_NAME)";
				SWIFT_VERSION = 5.0;
				TARGETED_DEVICE_FAMILY = "1,2";
			};
			name = Debug;
		};
		230D535825854C8A0013796A /* Release */ = {
			isa = XCBuildConfiguration;
			buildSettings = {
				ASSETCATALOG_COMPILER_APPICON_NAME = AppIcon;
				ASSETCATALOG_COMPILER_GLOBAL_ACCENT_COLOR_NAME = AccentColor;
				CODE_SIGN_STYLE = Automatic;
				DEVELOPMENT_ASSET_PATHS = "\"MovieUI/Preview Content\"";
				DEVELOPMENT_TEAM = RE524LJXV2;
				ENABLE_PREVIEWS = YES;
				INFOPLIST_FILE = MovieUI/Resources/Info.plist;
				IPHONEOS_DEPLOYMENT_TARGET = 14.0;
				LD_RUNPATH_SEARCH_PATHS = (
					"$(inherited)",
					"@executable_path/Frameworks",
				);
				PRODUCT_BUNDLE_IDENTIFIER = com.strides.MovieUI;
				PRODUCT_NAME = "$(TARGET_NAME)";
				SWIFT_VERSION = 5.0;
				TARGETED_DEVICE_FAMILY = "1,2";
			};
			name = Release;
		};
/* End XCBuildConfiguration section */

/* Begin XCConfigurationList section */
		230D533D25854C890013796A /* Build configuration list for PBXProject "MovieUI" */ = {
			isa = XCConfigurationList;
			buildConfigurations = (
				230D535425854C8A0013796A /* Debug */,
				230D535525854C8A0013796A /* Release */,
			);
			defaultConfigurationIsVisible = 0;
			defaultConfigurationName = Release;
		};
		230D535625854C8A0013796A /* Build configuration list for PBXNativeTarget "MovieUI" */ = {
			isa = XCConfigurationList;
			buildConfigurations = (
				230D535725854C8A0013796A /* Debug */,
				230D535825854C8A0013796A /* Release */,
			);
			defaultConfigurationIsVisible = 0;
			defaultConfigurationName = Release;
		};
/* End XCConfigurationList section */

/* Begin XCRemoteSwiftPackageReference section */
		230D5370258557730013796A /* XCRemoteSwiftPackageReference "SDWebImageSwiftUI" */ = {
			isa = XCRemoteSwiftPackageReference;
			repositoryURL = "https://github.com/SDWebImage/SDWebImageSwiftUI.git";
			requirement = {
				kind = upToNextMajorVersion;
				minimumVersion = 1.5.0;
			};
		};
/* End XCRemoteSwiftPackageReference section */

/* Begin XCSwiftPackageProductDependency section */
		230D5371258557730013796A /* SDWebImageSwiftUI */ = {
			isa = XCSwiftPackageProductDependency;
			package = 230D5370258557730013796A /* XCRemoteSwiftPackageReference "SDWebImageSwiftUI" */;
			productName = SDWebImageSwiftUI;
		};
/* End XCSwiftPackageProductDependency section */
	};
	rootObject = 230D533A25854C890013796A /* Project object */;
}
